// !$*UTF8*$!
{
	archiveVersion = 1;
	classes = {
	};
	objectVersion = 77;
	objects = {

/* Begin PBXBuildFile section */
		C78992722E630E6400F721B0 /* Carbon.framework in Frameworks */ = {isa = PBXBuildFile; fileRef = C78992712E630E6400F721B0 /* Carbon.framework */; };
		C78992742E630E8200F721B0 /* WebKit.framework in Frameworks */ = {isa = PBXBuildFile; fileRef = C78992732E630E8200F721B0 /* WebKit.framework */; };
/* End PBXBuildFile section */

/* Begin PBXContainerItemProxy section */
		C78992472E63090F00F721B0 /* PBXContainerItemProxy */ = {
			isa = PBXContainerItemProxy;
			containerPortal = C789922E2E63090E00F721B0 /* Project object */;
			proxyType = 1;
			remoteGlobalIDString = C78992352E63090E00F721B0;
			remoteInfo = glander;
		};
		C78992512E63090F00F721B0 /* PBXContainerItemProxy */ = {
			isa = PBXContainerItemProxy;
			containerPortal = C789922E2E63090E00F721B0 /* Project object */;
			proxyType = 1;
			remoteGlobalIDString = C78992352E63090E00F721B0;
			remoteInfo = glander;
		};
/* End PBXContainerItemProxy section */

/* Begin PBXFileReference section */
		C78992362E63090E00F721B0 /* glander.app */ = {isa = PBXFileReference; explicitFileType = wrapper.application; includeInIndex = 0; path = glander.app; sourceTree = BUILT_PRODUCTS_DIR; };
		C78992462E63090F00F721B0 /* glanderTests.xctest */ = {isa = PBXFileReference; explicitFileType = wrapper.cfbundle; includeInIndex = 0; path = glanderTests.xctest; sourceTree = BUILT_PRODUCTS_DIR; };
		C78992502E63090F00F721B0 /* glanderUITests.xctest */ = {isa = PBXFileReference; explicitFileType = wrapper.cfbundle; includeInIndex = 0; path = glanderUITests.xctest; sourceTree = BUILT_PRODUCTS_DIR; };
		C78992712E630E6400F721B0 /* Carbon.framework */ = {isa = PBXFileReference; lastKnownFileType = wrapper.framework; name = Carbon.framework; path = System/Library/Frameworks/Carbon.framework; sourceTree = SDKROOT; };
		C78992732E630E8200F721B0 /* WebKit.framework */ = {isa = PBXFileReference; lastKnownFileType = wrapper.framework; name = WebKit.framework; path = System/Library/Frameworks/WebKit.framework; sourceTree = SDKROOT; };
/* End PBXFileReference section */

/* Begin PBXFileSystemSynchronizedRootGroup section */
		C78992382E63090E00F721B0 /* glander */ = {
			isa = PBXFileSystemSynchronizedRootGroup;
			path = glander;
			sourceTree = "<group>";
		};
		C78992492E63090F00F721B0 /* glanderTests */ = {
			isa = PBXFileSystemSynchronizedRootGroup;
			path = glanderTests;
			sourceTree = "<group>";
		};
		C78992532E63090F00F721B0 /* glanderUITests */ = {
			isa = PBXFileSystemSynchronizedRootGroup;
			path = glanderUITests;
			sourceTree = "<group>";
		};
/* End PBXFileSystemSynchronizedRootGroup section */

/* Begin PBXFrameworksBuildPhase section */
		C78992332E63090E00F721B0 /* Frameworks */ = {
			isa = PBXFrameworksBuildPhase;
			buildActionMask = 2147483647;
			files = (
				C78992742E630E8200F721B0 /* WebKit.framework in Frameworks */,
				C78992722E630E6400F721B0 /* Carbon.framework in Frameworks */,
			);
			runOnlyForDeploymentPostprocessing = 0;
		};
		C78992432E63090F00F721B0 /* Frameworks */ = {
			isa = PBXFrameworksBuildPhase;
			buildActionMask = 2147483647;
			files = (
			);
			runOnlyForDeploymentPostprocessing = 0;
		};
		C789924D2E63090F00F721B0 /* Frameworks */ = {
			isa = PBXFrameworksBuildPhase;
			buildActionMask = 2147483647;
			files = (
			);
			runOnlyForDeploymentPostprocessing = 0;
		};
/* End PBXFrameworksBuildPhase section */

/* Begin PBXGroup section */
		C789922D2E63090E00F721B0 = {
			isa = PBXGroup;
			children = (
				C78992382E63090E00F721B0 /* glander */,
				C78992492E63090F00F721B0 /* glanderTests */,
				C78992532E63090F00F721B0 /* glanderUITests */,
				C78992702E630E6400F721B0 /* Frameworks */,
				C78992372E63090E00F721B0 /* Products */,
			);
			sourceTree = "<group>";
		};
		C78992372E63090E00F721B0 /* Products */ = {
			isa = PBXGroup;
			children = (
				C78992362E63090E00F721B0 /* glander.app */,
				C78992462E63090F00F721B0 /* glanderTests.xctest */,
				C78992502E63090F00F721B0 /* glanderUITests.xctest */,
			);
			name = Products;
			sourceTree = "<group>";
		};
		C78992702E630E6400F721B0 /* Frameworks */ = {
			isa = PBXGroup;
			children = (
				C78992732E630E8200F721B0 /* WebKit.framework */,
				C78992712E630E6400F721B0 /* Carbon.framework */,
			);
			name = Frameworks;
			sourceTree = "<group>";
		};
/* End PBXGroup section */

/* Begin PBXNativeTarget section */
		C78992352E63090E00F721B0 /* glander */ = {
			isa = PBXNativeTarget;
			buildConfigurationList = C789925A2E63090F00F721B0 /* Build configuration list for PBXNativeTarget "glander" */;
			buildPhases = (
				C78992322E63090E00F721B0 /* Sources */,
				C78992332E63090E00F721B0 /* Frameworks */,
				C78992342E63090E00F721B0 /* Resources */,
			);
			buildRules = (
			);
			dependencies = (
			);
			fileSystemSynchronizedGroups = (
				C78992382E63090E00F721B0 /* glander */,
			);
			name = glander;
			packageProductDependencies = (
			);
			productName = glander;
			productReference = C78992362E63090E00F721B0 /* glander.app */;
			productType = "com.apple.product-type.application";
		};
		C78992452E63090F00F721B0 /* glanderTests */ = {
			isa = PBXNativeTarget;
			buildConfigurationList = C789925D2E63090F00F721B0 /* Build configuration list for PBXNativeTarget "glanderTests" */;
			buildPhases = (
				C78992422E63090F00F721B0 /* Sources */,
				C78992432E63090F00F721B0 /* Frameworks */,
				C78992442E63090F00F721B0 /* Resources */,
			);
			buildRules = (
			);
			dependencies = (
				C78992482E63090F00F721B0 /* PBXTargetDependency */,
			);
			fileSystemSynchronizedGroups = (
				C78992492E63090F00F721B0 /* glanderTests */,
			);
			name = glanderTests;
			packageProductDependencies = (
			);
			productName = glanderTests;
			productReference = C78992462E63090F00F721B0 /* glanderTests.xctest */;
			productType = "com.apple.product-type.bundle.unit-test";
		};
		C789924F2E63090F00F721B0 /* glanderUITests */ = {
			isa = PBXNativeTarget;
			buildConfigurationList = C78992602E63090F00F721B0 /* Build configuration list for PBXNativeTarget "glanderUITests" */;
			buildPhases = (
				C789924C2E63090F00F721B0 /* Sources */,
				C789924D2E63090F00F721B0 /* Frameworks */,
				C789924E2E63090F00F721B0 /* Resources */,
			);
			buildRules = (
			);
			dependencies = (
				C78992522E63090F00F721B0 /* PBXTargetDependency */,
			);
			fileSystemSynchronizedGroups = (
				C78992532E63090F00F721B0 /* glanderUITests */,
			);
			name = glanderUITests;
			packageProductDependencies = (
			);
			productName = glanderUITests;
			productReference = C78992502E63090F00F721B0 /* glanderUITests.xctest */;
			productType = "com.apple.product-type.bundle.ui-testing";
		};
/* End PBXNativeTarget section */

/* Begin PBXProject section */
		C789922E2E63090E00F721B0 /* Project object */ = {
			isa = PBXProject;
			attributes = {
				BuildIndependentTargetsInParallel = 1;
				LastSwiftUpdateCheck = 1640;
				LastUpgradeCheck = 1640;
				TargetAttributes = {
					C78992352E63090E00F721B0 = {
						CreatedOnToolsVersion = 16.4;
					};
					C78992452E63090F00F721B0 = {
						CreatedOnToolsVersion = 16.4;
						TestTargetID = C78992352E63090E00F721B0;
					};
					C789924F2E63090F00F721B0 = {
						CreatedOnToolsVersion = 16.4;
						TestTargetID = C78992352E63090E00F721B0;
					};
				};
			};
			buildConfigurationList = C78992312E63090E00F721B0 /* Build configuration list for PBXProject "glander" */;
			developmentRegion = en;
			hasScannedForEncodings = 0;
			knownRegions = (
				en,
				Base,
			);
			mainGroup = C789922D2E63090E00F721B0;
			minimizedProjectReferenceProxies = 1;
			preferredProjectObjectVersion = 77;
			productRefGroup = C78992372E63090E00F721B0 /* Products */;
			projectDirPath = "";
			projectRoot = "";
			targets = (
				C78992352E63090E00F721B0 /* glander */,
				C78992452E63090F00F721B0 /* glanderTests */,
				C789924F2E63090F00F721B0 /* glanderUITests */,
			);
		};
/* End PBXProject section */

/* Begin PBXResourcesBuildPhase section */
		C78992342E63090E00F721B0 /* Resources */ = {
			isa = PBXResourcesBuildPhase;
			buildActionMask = 2147483647;
			files = (
			);
			runOnlyForDeploymentPostprocessing = 0;
		};
		C78992442E63090F00F721B0 /* Resources */ = {
			isa = PBXResourcesBuildPhase;
			buildActionMask = 2147483647;
			files = (
			);
			runOnlyForDeploymentPostprocessing = 0;
		};
		C789924E2E63090F00F721B0 /* Resources */ = {
			isa = PBXResourcesBuildPhase;
			buildActionMask = 2147483647;
			files = (
			);
			runOnlyForDeploymentPostprocessing = 0;
		};
/* End PBXResourcesBuildPhase section */

/* Begin PBXSourcesBuildPhase section */
		C78992322E63090E00F721B0 /* Sources */ = {
			isa = PBXSourcesBuildPhase;
			buildActionMask = 2147483647;
			files = (
			);
			runOnlyForDeploymentPostprocessing = 0;
		};
		C78992422E63090F00F721B0 /* Sources */ = {
			isa = PBXSourcesBuildPhase;
			buildActionMask = 2147483647;
			files = (
			);
			runOnlyForDeploymentPostprocessing = 0;
		};
		C789924C2E63090F00F721B0 /* Sources */ = {
			isa = PBXSourcesBuildPhase;
			buildActionMask = 2147483647;
			files = (
			);
			runOnlyForDeploymentPostprocessing = 0;
		};
/* End PBXSourcesBuildPhase section */

/* Begin PBXTargetDependency section */
		C78992482E63090F00F721B0 /* PBXTargetDependency */ = {
			isa = PBXTargetDependency;
			target = C78992352E63090E00F721B0 /* glander */;
			targetProxy = C78992472E63090F00F721B0 /* PBXContainerItemProxy */;
		};
		C78992522E63090F00F721B0 /* PBXTargetDependency */ = {
			isa = PBXTargetDependency;
			target = C78992352E63090E00F721B0 /* glander */;
			targetProxy = C78992512E63090F00F721B0 /* PBXContainerItemProxy */;
		};
/* End PBXTargetDependency section */

/* Begin XCBuildConfiguration section */
		C78992582E63090F00F721B0 /* Debug */ = {
			isa = XCBuildConfiguration;
			buildSettings = {
				ALWAYS_SEARCH_USER_PATHS = NO;
				ASSETCATALOG_COMPILER_GENERATE_SWIFT_ASSET_SYMBOL_EXTENSIONS = YES;
				CLANG_ANALYZER_NONNULL = YES;
				CLANG_ANALYZER_NUMBER_OBJECT_CONVERSION = YES_AGGRESSIVE;
				CLANG_CXX_LANGUAGE_STANDARD = "gnu++20";
				CLANG_ENABLE_MODULES = YES;
				CLANG_ENABLE_OBJC_ARC = YES;
				CLANG_ENABLE_OBJC_WEAK = YES;
				CLANG_WARN_BLOCK_CAPTURE_AUTORELEASING = YES;
				CLANG_WARN_BOOL_CONVERSION = YES;
				CLANG_WARN_COMMA = YES;
				CLANG_WARN_CONSTANT_CONVERSION = YES;
				CLANG_WARN_DEPRECATED_OBJC_IMPLEMENTATIONS = YES;
				CLANG_WARN_DIRECT_OBJC_ISA_USAGE = YES_ERROR;
				CLANG_WARN_DOCUMENTATION_COMMENTS = YES;
				CLANG_WARN_EMPTY_BODY = YES;
				CLANG_WARN_ENUM_CONVERSION = YES;
				CLANG_WARN_INFINITE_RECURSION = YES;
				CLANG_WARN_INT_CONVERSION = YES;
				CLANG_WARN_NON_LITERAL_NULL_CONVERSION = YES;
				CLANG_WARN_OBJC_IMPLICIT_RETAIN_SELF = YES;
				CLANG_WARN_OBJC_LITERAL_CONVERSION = YES;
				CLANG_WARN_OBJC_ROOT_CLASS = YES_ERROR;
				CLANG_WARN_QUOTED_INCLUDE_IN_FRAMEWORK_HEADER = YES;
				CLANG_WARN_RANGE_LOOP_ANALYSIS = YES;
				CLANG_WARN_STRICT_PROTOTYPES = YES;
				CLANG_WARN_SUSPICIOUS_MOVE = YES;
				CLANG_WARN_UNGUARDED_AVAILABILITY = YES_AGGRESSIVE;
				CLANG_WARN_UNREACHABLE_CODE = YES;
				CLANG_WARN__DUPLICATE_METHOD_MATCH = YES;
				COPY_PHASE_STRIP = NO;
				DEBUG_INFORMATION_FORMAT = dwarf;
				ENABLE_STRICT_OBJC_MSGSEND = YES;
				ENABLE_TESTABILITY = YES;
				ENABLE_USER_SCRIPT_SANDBOXING = YES;
				GCC_C_LANGUAGE_STANDARD = gnu17;
				GCC_DYNAMIC_NO_PIC = NO;
				GCC_NO_COMMON_BLOCKS = YES;
				GCC_OPTIMIZATION_LEVEL = 0;
				GCC_PREPROCESSOR_DEFINITIONS = (
					"DEBUG=1",
					"$(inherited)",
				);
				GCC_WARN_64_TO_32_BIT_CONVERSION = YES;
				GCC_WARN_ABOUT_RETURN_TYPE = YES_ERROR;
				GCC_WARN_UNDECLARED_SELECTOR = YES;
				GCC_WARN_UNINITIALIZED_AUTOS = YES_AGGRESSIVE;
				GCC_WARN_UNUSED_FUNCTION = YES;
				GCC_WARN_UNUSED_VARIABLE = YES;
				LOCALIZATION_PREFERS_STRING_CATALOGS = YES;
				MACOSX_DEPLOYMENT_TARGET = 15.5;
				MTL_ENABLE_DEBUG_INFO = INCLUDE_SOURCE;
				MTL_FAST_MATH = YES;
				ONLY_ACTIVE_ARCH = YES;
				SDKROOT = macosx;
				SWIFT_ACTIVE_COMPILATION_CONDITIONS = "DEBUG $(inherited)";
				SWIFT_OPTIMIZATION_LEVEL = "-Onone";
			};
			name = Debug;
		};
		C78992592E63090F00F721B0 /* Release */ = {
			isa = XCBuildConfiguration;
			buildSettings = {
				ALWAYS_SEARCH_USER_PATHS = NO;
				ASSETCATALOG_COMPILER_GENERATE_SWIFT_ASSET_SYMBOL_EXTENSIONS = YES;
				CLANG_ANALYZER_NONNULL = YES;
				CLANG_ANALYZER_NUMBER_OBJECT_CONVERSION = YES_AGGRESSIVE;
				CLANG_CXX_LANGUAGE_STANDARD = "gnu++20";
				CLANG_ENABLE_MODULES = YES;
				CLANG_ENABLE_OBJC_ARC = YES;
				CLANG_ENABLE_OBJC_WEAK = YES;
				CLANG_WARN_BLOCK_CAPTURE_AUTORELEASING = YES;
				CLANG_WARN_BOOL_CONVERSION = YES;
				CLANG_WARN_COMMA = YES;
				CLANG_WARN_CONSTANT_CONVERSION = YES;
				CLANG_WARN_DEPRECATED_OBJC_IMPLEMENTATIONS = YES;
				CLANG_WARN_DIRECT_OBJC_ISA_USAGE = YES_ERROR;
				CLANG_WARN_DOCUMENTATION_COMMENTS = YES;
				CLANG_WARN_EMPTY_BODY = YES;
				CLANG_WARN_ENUM_CONVERSION = YES;
				CLANG_WARN_INFINITE_RECURSION = YES;
				CLANG_WARN_INT_CONVERSION = YES;
				CLANG_WARN_NON_LITERAL_NULL_CONVERSION = YES;
				CLANG_WARN_OBJC_IMPLICIT_RETAIN_SELF = YES;
				CLANG_WARN_OBJC_LITERAL_CONVERSION = YES;
				CLANG_WARN_OBJC_ROOT_CLASS = YES_ERROR;
				CLANG_WARN_QUOTED_INCLUDE_IN_FRAMEWORK_HEADER = YES;
				CLANG_WARN_RANGE_LOOP_ANALYSIS = YES;
				CLANG_WARN_STRICT_PROTOTYPES = YES;
				CLANG_WARN_SUSPICIOUS_MOVE = YES;
				CLANG_WARN_UNGUARDED_AVAILABILITY = YES_AGGRESSIVE;
				CLANG_WARN_UNREACHABLE_CODE = YES;
				CLANG_WARN__DUPLICATE_METHOD_MATCH = YES;
				COPY_PHASE_STRIP = NO;
				DEBUG_INFORMATION_FORMAT = "dwarf-with-dsym";
				ENABLE_NS_ASSERTIONS = NO;
				ENABLE_STRICT_OBJC_MSGSEND = YES;
				ENABLE_USER_SCRIPT_SANDBOXING = YES;
				GCC_C_LANGUAGE_STANDARD = gnu17;
				GCC_NO_COMMON_BLOCKS = YES;
				GCC_WARN_64_TO_32_BIT_CONVERSION = YES;
				GCC_WARN_ABOUT_RETURN_TYPE = YES_ERROR;
				GCC_WARN_UNDECLARED_SELECTOR = YES;
				GCC_WARN_UNINITIALIZED_AUTOS = YES_AGGRESSIVE;
				GCC_WARN_UNUSED_FUNCTION = YES;
				GCC_WARN_UNUSED_VARIABLE = YES;
				LOCALIZATION_PREFERS_STRING_CATALOGS = YES;
				MACOSX_DEPLOYMENT_TARGET = 15.5;
				MTL_ENABLE_DEBUG_INFO = NO;
				MTL_FAST_MATH = YES;
				SDKROOT = macosx;
				SWIFT_COMPILATION_MODE = wholemodule;
			};
			name = Release;
		};
		C789925B2E63090F00F721B0 /* Debug */ = {
			isa = XCBuildConfiguration;
			buildSettings = {
				ASSETCATALOG_COMPILER_APPICON_NAME = AppIcon;
				ASSETCATALOG_COMPILER_GLOBAL_ACCENT_COLOR_NAME = AccentColor;
				CODE_SIGN_ENTITLEMENTS = glander/glander.entitlements;
				"CODE_SIGN_IDENTITY[sdk=macosx*]" = "-";
				CODE_SIGN_STYLE = Automatic;
				COMBINE_HIDPI_IMAGES = YES;
				CURRENT_PROJECT_VERSION = 1;
				ENABLE_PREVIEWS = YES;
				GENERATE_INFOPLIST_FILE = YES;
				INFOPLIST_KEY_NSHumanReadableCopyright = "";
				LD_RUNPATH_SEARCH_PATHS = (
					"$(inherited)",
					"@executable_path/../Frameworks",
				);
				MACOSX_DEPLOYMENT_TARGET = 14.0;
				MARKETING_VERSION = 1.0;
				PRODUCT_BUNDLE_IDENTIFIER = com.ptw.glander;
				PRODUCT_NAME = "$(TARGET_NAME)";
				REGISTER_APP_GROUPS = YES;
				SWIFT_EMIT_LOC_STRINGS = YES;
				SWIFT_VERSION = 5.0;
			};
			name = Debug;
		};
		C789925C2E63090F00F721B0 /* Release */ = {
			isa = XCBuildConfiguration;
			buildSettings = {
				ASSETCATALOG_COMPILER_APPICON_NAME = AppIcon;
				ASSETCATALOG_COMPILER_GLOBAL_ACCENT_COLOR_NAME = AccentColor;
				CODE_SIGN_ENTITLEMENTS = glander/glander.entitlements;
				"CODE_SIGN_IDENTITY[sdk=macosx*]" = "-";
				CODE_SIGN_STYLE = Automatic;
				COMBINE_HIDPI_IMAGES = YES;
				CURRENT_PROJECT_VERSION = 1;
				ENABLE_PREVIEWS = YES;
				GENERATE_INFOPLIST_FILE = YES;
				INFOPLIST_KEY_NSHumanReadableCopyright = "";
				LD_RUNPATH_SEARCH_PATHS = (
					"$(inherited)",
					"@executable_path/../Frameworks",
				);
				MACOSX_DEPLOYMENT_TARGET = 14.0;
				MARKETING_VERSION = 1.0;
				PRODUCT_BUNDLE_IDENTIFIER = com.ptw.glander;
				PRODUCT_NAME = "$(TARGET_NAME)";
				REGISTER_APP_GROUPS = YES;
				SWIFT_EMIT_LOC_STRINGS = YES;
				SWIFT_VERSION = 5.0;
			};
			name = Release;
		};
		C789925E2E63090F00F721B0 /* Debug */ = {
			isa = XCBuildConfiguration;
			buildSettings = {
				BUNDLE_LOADER = "$(TEST_HOST)";
				CODE_SIGN_STYLE = Automatic;
				CURRENT_PROJECT_VERSION = 1;
				GENERATE_INFOPLIST_FILE = YES;
				MACOSX_DEPLOYMENT_TARGET = 14.0;
				MARKETING_VERSION = 1.0;
				PRODUCT_BUNDLE_IDENTIFIER = com.ptw.glanderTests;
				PRODUCT_NAME = "$(TARGET_NAME)";
				SWIFT_EMIT_LOC_STRINGS = NO;
				SWIFT_VERSION = 5.0;
				TEST_HOST = "$(BUILT_PRODUCTS_DIR)/glander.app/$(BUNDLE_EXECUTABLE_FOLDER_PATH)/glander";
			};
			name = Debug;
		};
		C789925F2E63090F00F721B0 /* Release */ = {
			isa = XCBuildConfiguration;
			buildSettings = {
				BUNDLE_LOADER = "$(TEST_HOST)";
				CODE_SIGN_STYLE = Automatic;
				CURRENT_PROJECT_VERSION = 1;
				GENERATE_INFOPLIST_FILE = YES;
				MACOSX_DEPLOYMENT_TARGET = 14.0;
				MARKETING_VERSION = 1.0;
				PRODUCT_BUNDLE_IDENTIFIER = com.ptw.glanderTests;
				PRODUCT_NAME = "$(TARGET_NAME)";
				SWIFT_EMIT_LOC_STRINGS = NO;
				SWIFT_VERSION = 5.0;
				TEST_HOST = "$(BUILT_PRODUCTS_DIR)/glander.app/$(BUNDLE_EXECUTABLE_FOLDER_PATH)/glander";
			};
			name = Release;
		};
		C78992612E63090F00F721B0 /* Debug */ = {
			isa = XCBuildConfiguration;
			buildSettings = {
				CODE_SIGN_STYLE = Automatic;
				CURRENT_PROJECT_VERSION = 1;
				GENERATE_INFOPLIST_FILE = YES;
				MARKETING_VERSION = 1.0;
				PRODUCT_BUNDLE_IDENTIFIER = com.ptw.glanderUITests;
				PRODUCT_NAME = "$(TARGET_NAME)";
				SWIFT_EMIT_LOC_STRINGS = NO;
				SWIFT_VERSION = 5.0;
				TEST_TARGET_NAME = glander;
			};
			name = Debug;
		};
		C78992622E63090F00F721B0 /* Release */ = {
			isa = XCBuildConfiguration;
			buildSettings = {
				CODE_SIGN_STYLE = Automatic;
				CURRENT_PROJECT_VERSION = 1;
				GENERATE_INFOPLIST_FILE = YES;
				MARKETING_VERSION = 1.0;
				PRODUCT_BUNDLE_IDENTIFIER = com.ptw.glanderUITests;
				PRODUCT_NAME = "$(TARGET_NAME)";
				SWIFT_EMIT_LOC_STRINGS = NO;
				SWIFT_VERSION = 5.0;
				TEST_TARGET_NAME = glander;
			};
			name = Release;
		};
/* End XCBuildConfiguration section */

/* Begin XCConfigurationList section */
		C78992312E63090E00F721B0 /* Build configuration list for PBXProject "glander" */ = {
			isa = XCConfigurationList;
			buildConfigurations = (
				C78992582E63090F00F721B0 /* Debug */,
				C78992592E63090F00F721B0 /* Release */,
			);
			defaultConfigurationIsVisible = 0;
			defaultConfigurationName = Release;
		};
		C789925A2E63090F00F721B0 /* Build configuration list for PBXNativeTarget "glander" */ = {
			isa = XCConfigurationList;
			buildConfigurations = (
				C789925B2E63090F00F721B0 /* Debug */,
				C789925C2E63090F00F721B0 /* Release */,
			);
			defaultConfigurationIsVisible = 0;
			defaultConfigurationName = Release;
		};
		C789925D2E63090F00F721B0 /* Build configuration list for PBXNativeTarget "glanderTests" */ = {
			isa = XCConfigurationList;
			buildConfigurations = (
				C789925E2E63090F00F721B0 /* Debug */,
				C789925F2E63090F00F721B0 /* Release */,
			);
			defaultConfigurationIsVisible = 0;
			defaultConfigurationName = Release;
		};
		C78992602E63090F00F721B0 /* Build configuration list for PBXNativeTarget "glanderUITests" */ = {
			isa = XCConfigurationList;
			buildConfigurations = (
				C78992612E63090F00F721B0 /* Debug */,
				C78992622E63090F00F721B0 /* Release */,
			);
			defaultConfigurationIsVisible = 0;
			defaultConfigurationName = Release;
		};
/* End XCConfigurationList section */
	};
	rootObject = C789922E2E63090E00F721B0 /* Project object */;
}
